
Microsoft Visual Studio Solution File, Format Version 12.00
# Visual Studio 15
VisualStudioVersion = 15.0.27004.2006
MinimumVisualStudioVersion = 10.0.40219.1
Project("{FAE04EC0-301F-11D3-BF4B-00C04F79EFBC}") = "SistemaContable_UCR_Views", "SistemaContable_UCR_Views\SistemaContable_UCR_Views.csproj", "{988A0854-9801-42FA-AC68-79BC2FAE6372}"
EndProject
Global
	GlobalSection(SolutionConfigurationPlatforms) = preSolution
		Debug|Any CPU = Debug|Any CPU
		Release|Any CPU = Release|Any CPU
	EndGlobalSection
	GlobalSection(ProjectConfigurationPlatforms) = postSolution
		{988A0854-9801-42FA-AC68-79BC2FAE6372}.Debug|Any CPU.ActiveCfg = Debug|Any CPU
		{988A0854-9801-42FA-AC68-79BC2FAE6372}.Debug|Any CPU.Build.0 = Debug|Any CPU
		{988A0854-9801-42FA-AC68-79BC2FAE6372}.Release|Any CPU.ActiveCfg = Release|Any CPU
		{988A0854-9801-42FA-AC68-79BC2FAE6372}.Release|Any CPU.Build.0 = Release|Any CPU
	EndGlobalSection
	GlobalSection(SolutionProperties) = preSolution
		HideSolutionNode = FALSE
	EndGlobalSection
	GlobalSection(ExtensibilityGlobals) = postSolution
		SolutionGuid = {284B1208-FFE1-426C-886B-4DB8AC4F1ED4}
	EndGlobalSection
EndGlobal
